
Microsoft Visual Studio Solution File, Format Version 12.00
# Visual Studio Version 16
VisualStudioVersion = 16.0.30330.147
MinimumVisualStudioVersion = 10.0.40219.1
Project("{FAE04EC0-301F-11D3-BF4B-00C04F79EFBC}") = "CurrencyExchange", "CurrencyExchange\CurrencyExchange.csproj", "{8B92E2BD-6EEF-4902-9A00-B3C2FAE25EA0}"
EndProject
Global
	GlobalSection(SolutionConfigurationPlatforms) = preSolution
		Debug|Any CPU = Debug|Any CPU
		Release|Any CPU = Release|Any CPU
	EndGlobalSection
	GlobalSection(ProjectConfigurationPlatforms) = postSolution
		{8B92E2BD-6EEF-4902-9A00-B3C2FAE25EA0}.Debug|Any CPU.ActiveCfg = Debug|Any CPU
		{8B92E2BD-6EEF-4902-9A00-B3C2FAE25EA0}.Debug|Any CPU.Build.0 = Debug|Any CPU
		{8B92E2BD-6EEF-4902-9A00-B3C2FAE25EA0}.Release|Any CPU.ActiveCfg = Release|Any CPU
		{8B92E2BD-6EEF-4902-9A00-B3C2FAE25EA0}.Release|Any CPU.Build.0 = Release|Any CPU
	EndGlobalSection
	GlobalSection(SolutionProperties) = preSolution
		HideSolutionNode = FALSE
	EndGlobalSection
	GlobalSection(ExtensibilityGlobals) = postSolution
		SolutionGuid = {D30EAC26-8F2F-401A-8389-843A5BC1A954}
	EndGlobalSection
EndGlobal
